
Microsoft Visual Studio Solution File, Format Version 12.00
# Visual Studio Version 17
VisualStudioVersion = 17.1.32210.238
MinimumVisualStudioVersion = 10.0.40219.1
Project("{9A19103F-16F7-4668-BE54-9A1E7A4F7556}") = "ApiEmpresas.Services", "ApiEmpresas.Services\ApiEmpresas.Services.csproj", "{5184104B-3107-4FB2-AC50-BFB3C2F9041D}"
EndProject
Project("{2150E333-8FDC-42A3-9474-1A3956D46DE8}") = "1 - Services Layer", "1 - Services Layer", "{49383054-7580-41F7-BFB2-BB3F37724569}"
EndProject
Project("{2150E333-8FDC-42A3-9474-1A3956D46DE8}") = "2 - InfraStructure Layer", "2 - InfraStructure Layer", "{F3699D0B-E296-41B5-94C8-D70389A5A2AC}"
EndProject
Project("{FAE04EC0-301F-11D3-BF4B-00C04F79EFBC}") = "ApiEmpresas.Infra.Data", "ApiEmpresas.Infra.Data\ApiEmpresas.Infra.Data.csproj", "{5CA5F29F-04E5-4158-8CB7-B8E42FDACDC7}"
EndProject
Global
	GlobalSection(SolutionConfigurationPlatforms) = preSolution
		Debug|Any CPU = Debug|Any CPU
		Release|Any CPU = Release|Any CPU
	EndGlobalSection
	GlobalSection(ProjectConfigurationPlatforms) = postSolution
		{5184104B-3107-4FB2-AC50-BFB3C2F9041D}.Debug|Any CPU.ActiveCfg = Debug|Any CPU
		{5184104B-3107-4FB2-AC50-BFB3C2F9041D}.Debug|Any CPU.Build.0 = Debug|Any CPU
		{5184104B-3107-4FB2-AC50-BFB3C2F9041D}.Release|Any CPU.ActiveCfg = Release|Any CPU
		{5184104B-3107-4FB2-AC50-BFB3C2F9041D}.Release|Any CPU.Build.0 = Release|Any CPU
		{5CA5F29F-04E5-4158-8CB7-B8E42FDACDC7}.Debug|Any CPU.ActiveCfg = Debug|Any CPU
		{5CA5F29F-04E5-4158-8CB7-B8E42FDACDC7}.Debug|Any CPU.Build.0 = Debug|Any CPU
		{5CA5F29F-04E5-4158-8CB7-B8E42FDACDC7}.Release|Any CPU.ActiveCfg = Release|Any CPU
		{5CA5F29F-04E5-4158-8CB7-B8E42FDACDC7}.Release|Any CPU.Build.0 = Release|Any CPU
	EndGlobalSection
	GlobalSection(SolutionProperties) = preSolution
		HideSolutionNode = FALSE
	EndGlobalSection
	GlobalSection(NestedProjects) = preSolution
		{5184104B-3107-4FB2-AC50-BFB3C2F9041D} = {49383054-7580-41F7-BFB2-BB3F37724569}
		{5CA5F29F-04E5-4158-8CB7-B8E42FDACDC7} = {F3699D0B-E296-41B5-94C8-D70389A5A2AC}
	EndGlobalSection
	GlobalSection(ExtensibilityGlobals) = postSolution
		SolutionGuid = {61E9331A-C598-4AF5-97F7-18F2642B7153}
	EndGlobalSection
EndGlobal
